
Microsoft Visual Studio Solution File, Format Version 12.00
# Visual Studio Version 17
VisualStudioVersion = 17.6.33815.320
MinimumVisualStudioVersion = 10.0.40219.1
Project("{FAE04EC0-301F-11D3-BF4B-00C04F79EFBC}") = "Cillagterkep", "Cillagterkep\Cillagterkep.csproj", "{73DC291B-EA0B-429A-A625-C61233F5DDE9}"
EndProject
Global
	GlobalSection(SolutionConfigurationPlatforms) = preSolution
		Debug|Any CPU = Debug|Any CPU
		Release|Any CPU = Release|Any CPU
	EndGlobalSection
	GlobalSection(ProjectConfigurationPlatforms) = postSolution
		{73DC291B-EA0B-429A-A625-C61233F5DDE9}.Debug|Any CPU.ActiveCfg = Debug|Any CPU
		{73DC291B-EA0B-429A-A625-C61233F5DDE9}.Debug|Any CPU.Build.0 = Debug|Any CPU
		{73DC291B-EA0B-429A-A625-C61233F5DDE9}.Release|Any CPU.ActiveCfg = Release|Any CPU
		{73DC291B-EA0B-429A-A625-C61233F5DDE9}.Release|Any CPU.Build.0 = Release|Any CPU
	EndGlobalSection
	GlobalSection(SolutionProperties) = preSolution
		HideSolutionNode = FALSE
	EndGlobalSection
	GlobalSection(ExtensibilityGlobals) = postSolution
		SolutionGuid = {579F0E94-3DDD-4438-9B0B-2B6F049933B4}
	EndGlobalSection
EndGlobal
