
Microsoft Visual Studio Solution File, Format Version 12.00
# Visual Studio Version 17
VisualStudioVersion = 17.6.33815.320
MinimumVisualStudioVersion = 10.0.40219.1
Project("{9A19103F-16F7-4668-BE54-9A1E7A4F7556}") = "Fibinacci", "Fibinacci\Fibinacci.csproj", "{E2C99D04-7F88-4D65-BB7C-99504A30B182}"
EndProject
Project("{9A19103F-16F7-4668-BE54-9A1E7A4F7556}") = "Pascal", "Pascal\Pascal.csproj", "{E609E688-772D-4C43-B942-7313B745A8ED}"
EndProject
Project("{9A19103F-16F7-4668-BE54-9A1E7A4F7556}") = "VillogoGomb", "VillogoGomb\VillogoGomb.csproj", "{24A321F0-BCEA-438E-A483-096EFB949967}"
EndProject
Project("{9A19103F-16F7-4668-BE54-9A1E7A4F7556}") = "RandomGombok", "RandomGombok\RandomGombok.csproj", "{8906866E-EE50-46D7-8131-DA265792FB3A}"
EndProject
Project("{9A19103F-16F7-4668-BE54-9A1E7A4F7556}") = "GombokHaromszogben", "GombokHaromszogben\GombokHaromszogben.csproj", "{A271EDC9-78FC-4481-8CBF-805E781D2AEE}"
EndProject
Project("{9A19103F-16F7-4668-BE54-9A1E7A4F7556}") = "Karacsonyfa", "Karacsonyfa\Karacsonyfa.csproj", "{E8624532-7939-442A-A372-8D57C01A9DD5}"
EndProject
Project("{9A19103F-16F7-4668-BE54-9A1E7A4F7556}") = "Szorzotabla", "Szorzotabla\Szorzotabla.csproj", "{77AA9B34-63FF-4233-B268-0FDCB041A22E}"
EndProject
Project("{9A19103F-16F7-4668-BE54-9A1E7A4F7556}") = "Fib_2", "Fib_2\Fib_2.csproj", "{DD8D6F4C-D6EE-4F80-B854-6F62914D485F}"
EndProject
Project("{9A19103F-16F7-4668-BE54-9A1E7A4F7556}") = "Sakk", "Sakk\Sakk.csproj", "{0DADE4E1-CDED-4902-8054-9464FF4F1622}"
EndProject
Project("{9A19103F-16F7-4668-BE54-9A1E7A4F7556}") = "SzinesGombok", "SzinesGombok\SzinesGombok.csproj", "{59C2B9DB-51B8-484E-9BA8-288241FC8FAD}"
EndProject
Project("{9A19103F-16F7-4668-BE54-9A1E7A4F7556}") = "TriviaJatek", "TriviaJatek\TriviaJatek.csproj", "{DBBA428B-6030-4D7A-B39C-2FD2EB3A9657}"
EndProject
Project("{9A19103F-16F7-4668-BE54-9A1E7A4F7556}") = "HajósKvíz", "HajósKvíz\HajósKvíz.csproj", "{E6FD69F9-3B33-41E1-98F3-AB279D304510}"
EndProject
Project("{9A19103F-16F7-4668-BE54-9A1E7A4F7556}") = "KigyósJáték", "KigyósJáték\KigyósJáték.csproj", "{3C2FE24A-7489-4D2E-B6EE-AA508A50886A}"
EndProject
Project("{9A19103F-16F7-4668-BE54-9A1E7A4F7556}") = "HajósKvízOtthon(2)", "HajósKvízOtthon(2)\HajósKvízOtthon(2).csproj", "{A186D079-45C0-428E-824C-6BE6F0555035}"
EndProject
Project("{9A19103F-16F7-4668-BE54-9A1E7A4F7556}") = "KígyósJátékOtthon", "KígyósJátékOtthon\KígyósJátékOtthon.csproj", "{CAEA187D-BB5B-44B7-87BF-A32D429C4651}"
EndProject
Project("{9A19103F-16F7-4668-BE54-9A1E7A4F7556}") = "MemoriaLefoglalas", "MemoriaLefoglalas\MemoriaLefoglalas.csproj", "{FE98F52E-DA8A-4A8C-BCD3-84F2EF04FE9D}"
EndProject
Project("{9A19103F-16F7-4668-BE54-9A1E7A4F7556}") = "European_Countries", "European_Countries\European_Countries.csproj", "{A3C1BD0A-62E6-4BA7-8E35-C4BB237E6A33}"
EndProject
Project("{9A19103F-16F7-4668-BE54-9A1E7A4F7556}") = "HajosVizsgakerdesek", "HajosVizsgakerdesek\HajosVizsgakerdesek.csproj", "{5EC098AC-F813-4DD9-9302-1E9909135294}"
EndProject
Project("{FAE04EC0-301F-11D3-BF4B-00C04F79EFBC}") = "SQL_Szerver_csatlakozas", "SQL_Szerver_csatlakozas\SQL_Szerver_csatlakozas.csproj", "{8EBB084A-E7B3-48C8-BAE0-E0566B672082}"
EndProject
Global
	GlobalSection(SolutionConfigurationPlatforms) = preSolution
		Debug|Any CPU = Debug|Any CPU
		Release|Any CPU = Release|Any CPU
	EndGlobalSection
	GlobalSection(ProjectConfigurationPlatforms) = postSolution
		{E2C99D04-7F88-4D65-BB7C-99504A30B182}.Debug|Any CPU.ActiveCfg = Debug|Any CPU
		{E2C99D04-7F88-4D65-BB7C-99504A30B182}.Debug|Any CPU.Build.0 = Debug|Any CPU
		{E2C99D04-7F88-4D65-BB7C-99504A30B182}.Release|Any CPU.ActiveCfg = Release|Any CPU
		{E2C99D04-7F88-4D65-BB7C-99504A30B182}.Release|Any CPU.Build.0 = Release|Any CPU
		{E609E688-772D-4C43-B942-7313B745A8ED}.Debug|Any CPU.ActiveCfg = Debug|Any CPU
		{E609E688-772D-4C43-B942-7313B745A8ED}.Debug|Any CPU.Build.0 = Debug|Any CPU
		{E609E688-772D-4C43-B942-7313B745A8ED}.Release|Any CPU.ActiveCfg = Release|Any CPU
		{E609E688-772D-4C43-B942-7313B745A8ED}.Release|Any CPU.Build.0 = Release|Any CPU
		{24A321F0-BCEA-438E-A483-096EFB949967}.Debug|Any CPU.ActiveCfg = Debug|Any CPU
		{24A321F0-BCEA-438E-A483-096EFB949967}.Debug|Any CPU.Build.0 = Debug|Any CPU
		{24A321F0-BCEA-438E-A483-096EFB949967}.Release|Any CPU.ActiveCfg = Release|Any CPU
		{24A321F0-BCEA-438E-A483-096EFB949967}.Release|Any CPU.Build.0 = Release|Any CPU
		{8906866E-EE50-46D7-8131-DA265792FB3A}.Debug|Any CPU.ActiveCfg = Debug|Any CPU
		{8906866E-EE50-46D7-8131-DA265792FB3A}.Debug|Any CPU.Build.0 = Debug|Any CPU
		{8906866E-EE50-46D7-8131-DA265792FB3A}.Release|Any CPU.ActiveCfg = Release|Any CPU
		{8906866E-EE50-46D7-8131-DA265792FB3A}.Release|Any CPU.Build.0 = Release|Any CPU
		{A271EDC9-78FC-4481-8CBF-805E781D2AEE}.Debug|Any CPU.ActiveCfg = Debug|Any CPU
		{A271EDC9-78FC-4481-8CBF-805E781D2AEE}.Debug|Any CPU.Build.0 = Debug|Any CPU
		{A271EDC9-78FC-4481-8CBF-805E781D2AEE}.Release|Any CPU.ActiveCfg = Release|Any CPU
		{A271EDC9-78FC-4481-8CBF-805E781D2AEE}.Release|Any CPU.Build.0 = Release|Any CPU
		{E8624532-7939-442A-A372-8D57C01A9DD5}.Debug|Any CPU.ActiveCfg = Debug|Any CPU
		{E8624532-7939-442A-A372-8D57C01A9DD5}.Debug|Any CPU.Build.0 = Debug|Any CPU
		{E8624532-7939-442A-A372-8D57C01A9DD5}.Release|Any CPU.ActiveCfg = Release|Any CPU
		{E8624532-7939-442A-A372-8D57C01A9DD5}.Release|Any CPU.Build.0 = Release|Any CPU
		{77AA9B34-63FF-4233-B268-0FDCB041A22E}.Debug|Any CPU.ActiveCfg = Debug|Any CPU
		{77AA9B34-63FF-4233-B268-0FDCB041A22E}.Debug|Any CPU.Build.0 = Debug|Any CPU
		{77AA9B34-63FF-4233-B268-0FDCB041A22E}.Release|Any CPU.ActiveCfg = Release|Any CPU
		{77AA9B34-63FF-4233-B268-0FDCB041A22E}.Release|Any CPU.Build.0 = Release|Any CPU
		{DD8D6F4C-D6EE-4F80-B854-6F62914D485F}.Debug|Any CPU.ActiveCfg = Debug|Any CPU
		{DD8D6F4C-D6EE-4F80-B854-6F62914D485F}.Debug|Any CPU.Build.0 = Debug|Any CPU
		{DD8D6F4C-D6EE-4F80-B854-6F62914D485F}.Release|Any CPU.ActiveCfg = Release|Any CPU
		{DD8D6F4C-D6EE-4F80-B854-6F62914D485F}.Release|Any CPU.Build.0 = Release|Any CPU
		{0DADE4E1-CDED-4902-8054-9464FF4F1622}.Debug|Any CPU.ActiveCfg = Debug|Any CPU
		{0DADE4E1-CDED-4902-8054-9464FF4F1622}.Debug|Any CPU.Build.0 = Debug|Any CPU
		{0DADE4E1-CDED-4902-8054-9464FF4F1622}.Release|Any CPU.ActiveCfg = Release|Any CPU
		{0DADE4E1-CDED-4902-8054-9464FF4F1622}.Release|Any CPU.Build.0 = Release|Any CPU
		{59C2B9DB-51B8-484E-9BA8-288241FC8FAD}.Debug|Any CPU.ActiveCfg = Debug|Any CPU
		{59C2B9DB-51B8-484E-9BA8-288241FC8FAD}.Debug|Any CPU.Build.0 = Debug|Any CPU
		{59C2B9DB-51B8-484E-9BA8-288241FC8FAD}.Release|Any CPU.ActiveCfg = Release|Any CPU
		{59C2B9DB-51B8-484E-9BA8-288241FC8FAD}.Release|Any CPU.Build.0 = Release|Any CPU
		{DBBA428B-6030-4D7A-B39C-2FD2EB3A9657}.Debug|Any CPU.ActiveCfg = Debug|Any CPU
		{DBBA428B-6030-4D7A-B39C-2FD2EB3A9657}.Debug|Any CPU.Build.0 = Debug|Any CPU
		{DBBA428B-6030-4D7A-B39C-2FD2EB3A9657}.Release|Any CPU.ActiveCfg = Release|Any CPU
		{DBBA428B-6030-4D7A-B39C-2FD2EB3A9657}.Release|Any CPU.Build.0 = Release|Any CPU
		{E6FD69F9-3B33-41E1-98F3-AB279D304510}.Debug|Any CPU.ActiveCfg = Debug|Any CPU
		{E6FD69F9-3B33-41E1-98F3-AB279D304510}.Debug|Any CPU.Build.0 = Debug|Any CPU
		{E6FD69F9-3B33-41E1-98F3-AB279D304510}.Release|Any CPU.ActiveCfg = Release|Any CPU
		{E6FD69F9-3B33-41E1-98F3-AB279D304510}.Release|Any CPU.Build.0 = Release|Any CPU
		{3C2FE24A-7489-4D2E-B6EE-AA508A50886A}.Debug|Any CPU.ActiveCfg = Debug|Any CPU
		{3C2FE24A-7489-4D2E-B6EE-AA508A50886A}.Debug|Any CPU.Build.0 = Debug|Any CPU
		{3C2FE24A-7489-4D2E-B6EE-AA508A50886A}.Release|Any CPU.ActiveCfg = Release|Any CPU
		{3C2FE24A-7489-4D2E-B6EE-AA508A50886A}.Release|Any CPU.Build.0 = Release|Any CPU
		{A186D079-45C0-428E-824C-6BE6F0555035}.Debug|Any CPU.ActiveCfg = Debug|Any CPU
		{A186D079-45C0-428E-824C-6BE6F0555035}.Debug|Any CPU.Build.0 = Debug|Any CPU
		{A186D079-45C0-428E-824C-6BE6F0555035}.Release|Any CPU.ActiveCfg = Release|Any CPU
		{A186D079-45C0-428E-824C-6BE6F0555035}.Release|Any CPU.Build.0 = Release|Any CPU
		{CAEA187D-BB5B-44B7-87BF-A32D429C4651}.Debug|Any CPU.ActiveCfg = Debug|Any CPU
		{CAEA187D-BB5B-44B7-87BF-A32D429C4651}.Debug|Any CPU.Build.0 = Debug|Any CPU
		{CAEA187D-BB5B-44B7-87BF-A32D429C4651}.Release|Any CPU.ActiveCfg = Release|Any CPU
		{CAEA187D-BB5B-44B7-87BF-A32D429C4651}.Release|Any CPU.Build.0 = Release|Any CPU
		{FE98F52E-DA8A-4A8C-BCD3-84F2EF04FE9D}.Debug|Any CPU.ActiveCfg = Debug|Any CPU
		{FE98F52E-DA8A-4A8C-BCD3-84F2EF04FE9D}.Debug|Any CPU.Build.0 = Debug|Any CPU
		{FE98F52E-DA8A-4A8C-BCD3-84F2EF04FE9D}.Release|Any CPU.ActiveCfg = Release|Any CPU
		{FE98F52E-DA8A-4A8C-BCD3-84F2EF04FE9D}.Release|Any CPU.Build.0 = Release|Any CPU
		{A3C1BD0A-62E6-4BA7-8E35-C4BB237E6A33}.Debug|Any CPU.ActiveCfg = Debug|Any CPU
		{A3C1BD0A-62E6-4BA7-8E35-C4BB237E6A33}.Debug|Any CPU.Build.0 = Debug|Any CPU
		{A3C1BD0A-62E6-4BA7-8E35-C4BB237E6A33}.Release|Any CPU.ActiveCfg = Release|Any CPU
		{A3C1BD0A-62E6-4BA7-8E35-C4BB237E6A33}.Release|Any CPU.Build.0 = Release|Any CPU
		{5EC098AC-F813-4DD9-9302-1E9909135294}.Debug|Any CPU.ActiveCfg = Debug|Any CPU
		{5EC098AC-F813-4DD9-9302-1E9909135294}.Debug|Any CPU.Build.0 = Debug|Any CPU
		{5EC098AC-F813-4DD9-9302-1E9909135294}.Release|Any CPU.ActiveCfg = Release|Any CPU
		{5EC098AC-F813-4DD9-9302-1E9909135294}.Release|Any CPU.Build.0 = Release|Any CPU
		{8EBB084A-E7B3-48C8-BAE0-E0566B672082}.Debug|Any CPU.ActiveCfg = Debug|Any CPU
		{8EBB084A-E7B3-48C8-BAE0-E0566B672082}.Debug|Any CPU.Build.0 = Debug|Any CPU
		{8EBB084A-E7B3-48C8-BAE0-E0566B672082}.Release|Any CPU.ActiveCfg = Release|Any CPU
		{8EBB084A-E7B3-48C8-BAE0-E0566B672082}.Release|Any CPU.Build.0 = Release|Any CPU
	EndGlobalSection
	GlobalSection(SolutionProperties) = preSolution
		HideSolutionNode = FALSE
	EndGlobalSection
	GlobalSection(ExtensibilityGlobals) = postSolution
		SolutionGuid = {173CE446-03A1-4838-B467-DA2E9F0D1531}
	EndGlobalSection
EndGlobal
