
Microsoft Visual Studio Solution File, Format Version 12.00
# Visual Studio Version 17
VisualStudioVersion = 17.6.33815.320
MinimumVisualStudioVersion = 10.0.40219.1
Project("{9A19103F-16F7-4668-BE54-9A1E7A4F7556}") = "Fibinacci", "Fibinacci\Fibinacci.csproj", "{E2C99D04-7F88-4D65-BB7C-99504A30B182}"
EndProject
Project("{9A19103F-16F7-4668-BE54-9A1E7A4F7556}") = "Pascal", "Pascal\Pascal.csproj", "{E609E688-772D-4C43-B942-7313B745A8ED}"
EndProject
Project("{9A19103F-16F7-4668-BE54-9A1E7A4F7556}") = "VillogoGomb", "VillogoGomb\VillogoGomb.csproj", "{24A321F0-BCEA-438E-A483-096EFB949967}"
EndProject
Project("{FAE04EC0-301F-11D3-BF4B-00C04F79EFBC}") = "RandomGombok", "RandomGombok\RandomGombok.csproj", "{8906866E-EE50-46D7-8131-DA265792FB3A}"
EndProject
Project("{FAE04EC0-301F-11D3-BF4B-00C04F79EFBC}") = "GombokHaromszogben", "GombokHaromszogben\GombokHaromszogben.csproj", "{A271EDC9-78FC-4481-8CBF-805E781D2AEE}"
EndProject
Project("{FAE04EC0-301F-11D3-BF4B-00C04F79EFBC}") = "Karacsonyfa", "Karacsonyfa\Karacsonyfa.csproj", "{E8624532-7939-442A-A372-8D57C01A9DD5}"
EndProject
Global
	GlobalSection(SolutionConfigurationPlatforms) = preSolution
		Debug|Any CPU = Debug|Any CPU
		Release|Any CPU = Release|Any CPU
	EndGlobalSection
	GlobalSection(ProjectConfigurationPlatforms) = postSolution
		{E2C99D04-7F88-4D65-BB7C-99504A30B182}.Debug|Any CPU.ActiveCfg = Debug|Any CPU
		{E2C99D04-7F88-4D65-BB7C-99504A30B182}.Debug|Any CPU.Build.0 = Debug|Any CPU
		{E2C99D04-7F88-4D65-BB7C-99504A30B182}.Release|Any CPU.ActiveCfg = Release|Any CPU
		{E2C99D04-7F88-4D65-BB7C-99504A30B182}.Release|Any CPU.Build.0 = Release|Any CPU
		{E609E688-772D-4C43-B942-7313B745A8ED}.Debug|Any CPU.ActiveCfg = Debug|Any CPU
		{E609E688-772D-4C43-B942-7313B745A8ED}.Debug|Any CPU.Build.0 = Debug|Any CPU
		{E609E688-772D-4C43-B942-7313B745A8ED}.Release|Any CPU.ActiveCfg = Release|Any CPU
		{E609E688-772D-4C43-B942-7313B745A8ED}.Release|Any CPU.Build.0 = Release|Any CPU
		{24A321F0-BCEA-438E-A483-096EFB949967}.Debug|Any CPU.ActiveCfg = Debug|Any CPU
		{24A321F0-BCEA-438E-A483-096EFB949967}.Debug|Any CPU.Build.0 = Debug|Any CPU
		{24A321F0-BCEA-438E-A483-096EFB949967}.Release|Any CPU.ActiveCfg = Release|Any CPU
		{24A321F0-BCEA-438E-A483-096EFB949967}.Release|Any CPU.Build.0 = Release|Any CPU
		{8906866E-EE50-46D7-8131-DA265792FB3A}.Debug|Any CPU.ActiveCfg = Debug|Any CPU
		{8906866E-EE50-46D7-8131-DA265792FB3A}.Debug|Any CPU.Build.0 = Debug|Any CPU
		{8906866E-EE50-46D7-8131-DA265792FB3A}.Release|Any CPU.ActiveCfg = Release|Any CPU
		{8906866E-EE50-46D7-8131-DA265792FB3A}.Release|Any CPU.Build.0 = Release|Any CPU
		{A271EDC9-78FC-4481-8CBF-805E781D2AEE}.Debug|Any CPU.ActiveCfg = Debug|Any CPU
		{A271EDC9-78FC-4481-8CBF-805E781D2AEE}.Debug|Any CPU.Build.0 = Debug|Any CPU
		{A271EDC9-78FC-4481-8CBF-805E781D2AEE}.Release|Any CPU.ActiveCfg = Release|Any CPU
		{A271EDC9-78FC-4481-8CBF-805E781D2AEE}.Release|Any CPU.Build.0 = Release|Any CPU
		{E8624532-7939-442A-A372-8D57C01A9DD5}.Debug|Any CPU.ActiveCfg = Debug|Any CPU
		{E8624532-7939-442A-A372-8D57C01A9DD5}.Debug|Any CPU.Build.0 = Debug|Any CPU
		{E8624532-7939-442A-A372-8D57C01A9DD5}.Release|Any CPU.ActiveCfg = Release|Any CPU
		{E8624532-7939-442A-A372-8D57C01A9DD5}.Release|Any CPU.Build.0 = Release|Any CPU
	EndGlobalSection
	GlobalSection(SolutionProperties) = preSolution
		HideSolutionNode = FALSE
	EndGlobalSection
	GlobalSection(ExtensibilityGlobals) = postSolution
		SolutionGuid = {173CE446-03A1-4838-B467-DA2E9F0D1531}
	EndGlobalSection
EndGlobal
